// !$*UTF8*$!
{
	archiveVersion = 1;
	classes = {
	};
	objectVersion = 56;
	objects = {

/* Begin PBXBuildFile section */
		A45EE22D295D6CF900399B6E /* RockPaperScissorsApp.swift in Sources */ = {isa = PBXBuildFile; fileRef = A45EE22C295D6CF900399B6E /* RockPaperScissorsApp.swift */; };
		A45EE22F295D6CF900399B6E /* ContentView.swift in Sources */ = {isa = PBXBuildFile; fileRef = A45EE22E295D6CF900399B6E /* ContentView.swift */; };
		A45EE231295D6CFC00399B6E /* Assets.xcassets in Resources */ = {isa = PBXBuildFile; fileRef = A45EE230295D6CFC00399B6E /* Assets.xcassets */; };
		A45EE235295D6CFC00399B6E /* Preview Assets.xcassets in Resources */ = {isa = PBXBuildFile; fileRef = A45EE234295D6CFC00399B6E /* Preview Assets.xcassets */; };
		A45EE23F295D6CFD00399B6E /* RockPaperScissorsTests.swift in Sources */ = {isa = PBXBuildFile; fileRef = A45EE23E295D6CFD00399B6E /* RockPaperScissorsTests.swift */; };
		A45EE249295D6CFD00399B6E /* RockPaperScissorsUITests.swift in Sources */ = {isa = PBXBuildFile; fileRef = A45EE248295D6CFD00399B6E /* RockPaperScissorsUITests.swift */; };
		A45EE24B295D6CFD00399B6E /* RockPaperScissorsUITestsLaunchTests.swift in Sources */ = {isa = PBXBuildFile; fileRef = A45EE24A295D6CFD00399B6E /* RockPaperScissorsUITestsLaunchTests.swift */; };
		A45EE260295D70C300399B6E /* RPSTile.swift in Sources */ = {isa = PBXBuildFile; fileRef = A45EE25F295D70C300399B6E /* RPSTile.swift */; };
		A45EE267295EAE7900399B6E /* MainView.swift in Sources */ = {isa = PBXBuildFile; fileRef = A45EE266295EAE7900399B6E /* MainView.swift */; };
		A45EE269295EB25400399B6E /* RPSButton.swift in Sources */ = {isa = PBXBuildFile; fileRef = A45EE268295EB25400399B6E /* RPSButton.swift */; };
		A46226882985A0EF00C6FC5A /* Store.swift in Sources */ = {isa = PBXBuildFile; fileRef = A46226872985A0EF00C6FC5A /* Store.swift */; };
		A4BA40B2296001F700912E41 /* OptionsPanel.swift in Sources */ = {isa = PBXBuildFile; fileRef = A4BA40B1296001F700912E41 /* OptionsPanel.swift */; };
		A4BA40B52960088100912E41 /* Options.swift in Sources */ = {isa = PBXBuildFile; fileRef = A4BA40B42960088100912E41 /* Options.swift */; };
		A4BA40B8296153A800912E41 /* getComputerDescription.swift in Sources */ = {isa = PBXBuildFile; fileRef = A4BA40B7296153A800912E41 /* getComputerDescription.swift */; };
		A4C2A9B62967F76A00D1476C /* Gender.swift in Sources */ = {isa = PBXBuildFile; fileRef = A4C2A9B52967F76A00D1476C /* Gender.swift */; };
		A4C3673329694F1200E01A6B /* Localized.swift in Sources */ = {isa = PBXBuildFile; fileRef = A4C3673229694F1200E01A6B /* Localized.swift */; };
		A4C367342969522900E01A6B /* Localizable.strings in Resources */ = {isa = PBXBuildFile; fileRef = A4C367362969522900E01A6B /* Localizable.strings */; };
		A4E9FDE129729352007CA8DD /* RockPaperScissorsAPI in Frameworks */ = {isa = PBXBuildFile; productRef = A4E9FDE029729352007CA8DD /* RockPaperScissorsAPI */; };
		A4E9FDE329729352007CA8DD /* RockPaperScissorsAppAPI in Frameworks */ = {isa = PBXBuildFile; productRef = A4E9FDE229729352007CA8DD /* RockPaperScissorsAppAPI */; };
		A4E9FDE52973D609007CA8DD /* ResultBlock.swift in Sources */ = {isa = PBXBuildFile; fileRef = A4E9FDE42973D608007CA8DD /* ResultBlock.swift */; };
		A4E9FDE72973D850007CA8DD /* AppSizes.swift in Sources */ = {isa = PBXBuildFile; fileRef = A4E9FDE62973D850007CA8DD /* AppSizes.swift */; };
		A4E9FDE929751E83007CA8DD /* DefaultKeys.swift in Sources */ = {isa = PBXBuildFile; fileRef = A4E9FDE829751E82007CA8DD /* DefaultKeys.swift */; };
/* End PBXBuildFile section */

/* Begin PBXContainerItemProxy section */
		A45EE23B295D6CFD00399B6E /* PBXContainerItemProxy */ = {
			isa = PBXContainerItemProxy;
			containerPortal = A45EE221295D6CF900399B6E /* Project object */;
			proxyType = 1;
			remoteGlobalIDString = A45EE228295D6CF900399B6E;
			remoteInfo = rockpaperscissors;
		};
		A45EE245295D6CFD00399B6E /* PBXContainerItemProxy */ = {
			isa = PBXContainerItemProxy;
			containerPortal = A45EE221295D6CF900399B6E /* Project object */;
			proxyType = 1;
			remoteGlobalIDString = A45EE228295D6CF900399B6E;
			remoteInfo = rockpaperscissors;
		};
/* End PBXContainerItemProxy section */

/* Begin PBXFileReference section */
		A45EE229295D6CF900399B6E /* RockPaperScissors.app */ = {isa = PBXFileReference; explicitFileType = wrapper.application; includeInIndex = 0; path = RockPaperScissors.app; sourceTree = BUILT_PRODUCTS_DIR; };
		A45EE22C295D6CF900399B6E /* RockPaperScissorsApp.swift */ = {isa = PBXFileReference; lastKnownFileType = sourcecode.swift; path = RockPaperScissorsApp.swift; sourceTree = "<group>"; };
		A45EE22E295D6CF900399B6E /* ContentView.swift */ = {isa = PBXFileReference; lastKnownFileType = sourcecode.swift; path = ContentView.swift; sourceTree = "<group>"; };
		A45EE230295D6CFC00399B6E /* Assets.xcassets */ = {isa = PBXFileReference; lastKnownFileType = folder.assetcatalog; path = Assets.xcassets; sourceTree = "<group>"; };
		A45EE232295D6CFC00399B6E /* RockPaperScissors.entitlements */ = {isa = PBXFileReference; lastKnownFileType = text.plist.entitlements; path = RockPaperScissors.entitlements; sourceTree = "<group>"; };
		A45EE234295D6CFC00399B6E /* Preview Assets.xcassets */ = {isa = PBXFileReference; lastKnownFileType = folder.assetcatalog; path = "Preview Assets.xcassets"; sourceTree = "<group>"; };
		A45EE23A295D6CFD00399B6E /* RockPaperScissorsTests.xctest */ = {isa = PBXFileReference; explicitFileType = wrapper.cfbundle; includeInIndex = 0; path = RockPaperScissorsTests.xctest; sourceTree = BUILT_PRODUCTS_DIR; };
		A45EE23E295D6CFD00399B6E /* RockPaperScissorsTests.swift */ = {isa = PBXFileReference; lastKnownFileType = sourcecode.swift; path = RockPaperScissorsTests.swift; sourceTree = "<group>"; };
		A45EE244295D6CFD00399B6E /* RockPaperScissorsUITests.xctest */ = {isa = PBXFileReference; explicitFileType = wrapper.cfbundle; includeInIndex = 0; path = RockPaperScissorsUITests.xctest; sourceTree = BUILT_PRODUCTS_DIR; };
		A45EE248295D6CFD00399B6E /* RockPaperScissorsUITests.swift */ = {isa = PBXFileReference; lastKnownFileType = sourcecode.swift; path = RockPaperScissorsUITests.swift; sourceTree = "<group>"; };
		A45EE24A295D6CFD00399B6E /* RockPaperScissorsUITestsLaunchTests.swift */ = {isa = PBXFileReference; lastKnownFileType = sourcecode.swift; path = RockPaperScissorsUITestsLaunchTests.swift; sourceTree = "<group>"; };
		A45EE25F295D70C300399B6E /* RPSTile.swift */ = {isa = PBXFileReference; lastKnownFileType = sourcecode.swift; path = RPSTile.swift; sourceTree = "<group>"; };
		A45EE266295EAE7900399B6E /* MainView.swift */ = {isa = PBXFileReference; lastKnownFileType = sourcecode.swift; path = MainView.swift; sourceTree = "<group>"; };
		A45EE268295EB25400399B6E /* RPSButton.swift */ = {isa = PBXFileReference; lastKnownFileType = sourcecode.swift; path = RPSButton.swift; sourceTree = "<group>"; };
		A46226872985A0EF00C6FC5A /* Store.swift */ = {isa = PBXFileReference; lastKnownFileType = sourcecode.swift; path = Store.swift; sourceTree = "<group>"; };
		A4BA40B1296001F700912E41 /* OptionsPanel.swift */ = {isa = PBXFileReference; lastKnownFileType = sourcecode.swift; path = OptionsPanel.swift; sourceTree = "<group>"; };
		A4BA40B42960088100912E41 /* Options.swift */ = {isa = PBXFileReference; lastKnownFileType = sourcecode.swift; path = Options.swift; sourceTree = "<group>"; };
		A4BA40B7296153A800912E41 /* getComputerDescription.swift */ = {isa = PBXFileReference; lastKnownFileType = sourcecode.swift; path = getComputerDescription.swift; sourceTree = "<group>"; };
		A4C2A9B52967F76A00D1476C /* Gender.swift */ = {isa = PBXFileReference; lastKnownFileType = sourcecode.swift; path = Gender.swift; sourceTree = "<group>"; };
		A4C3673229694F1200E01A6B /* Localized.swift */ = {isa = PBXFileReference; lastKnownFileType = sourcecode.swift; path = Localized.swift; sourceTree = "<group>"; };
		A4C367352969522900E01A6B /* en */ = {isa = PBXFileReference; lastKnownFileType = text.plist.strings; name = en; path = en.lproj/Localizable.strings; sourceTree = "<group>"; };
		A4C367372969524E00E01A6B /* es */ = {isa = PBXFileReference; lastKnownFileType = text.plist.strings; name = es; path = es.lproj/Localizable.strings; sourceTree = "<group>"; };
		A4C367382969525C00E01A6B /* vi */ = {isa = PBXFileReference; lastKnownFileType = text.plist.strings; name = vi; path = vi.lproj/Localizable.strings; sourceTree = "<group>"; };
		A4C367392969526500E01A6B /* pt-BR */ = {isa = PBXFileReference; lastKnownFileType = text.plist.strings; name = "pt-BR"; path = "pt-BR.lproj/Localizable.strings"; sourceTree = "<group>"; };
		A4E9FDE42973D608007CA8DD /* ResultBlock.swift */ = {isa = PBXFileReference; lastKnownFileType = sourcecode.swift; path = ResultBlock.swift; sourceTree = "<group>"; };
		A4E9FDE62973D850007CA8DD /* AppSizes.swift */ = {isa = PBXFileReference; lastKnownFileType = sourcecode.swift; path = AppSizes.swift; sourceTree = "<group>"; };
		A4E9FDE829751E82007CA8DD /* DefaultKeys.swift */ = {isa = PBXFileReference; lastKnownFileType = sourcecode.swift; path = DefaultKeys.swift; sourceTree = "<group>"; };
/* End PBXFileReference section */

/* Begin PBXFrameworksBuildPhase section */
		A45EE226295D6CF900399B6E /* Frameworks */ = {
			isa = PBXFrameworksBuildPhase;
			buildActionMask = 2147483647;
			files = (
				A4E9FDE329729352007CA8DD /* RockPaperScissorsAppAPI in Frameworks */,
				A4E9FDE129729352007CA8DD /* RockPaperScissorsAPI in Frameworks */,
			);
			runOnlyForDeploymentPostprocessing = 0;
		};
		A45EE237295D6CFD00399B6E /* Frameworks */ = {
			isa = PBXFrameworksBuildPhase;
			buildActionMask = 2147483647;
			files = (
			);
			runOnlyForDeploymentPostprocessing = 0;
		};
		A45EE241295D6CFD00399B6E /* Frameworks */ = {
			isa = PBXFrameworksBuildPhase;
			buildActionMask = 2147483647;
			files = (
			);
			runOnlyForDeploymentPostprocessing = 0;
		};
/* End PBXFrameworksBuildPhase section */

/* Begin PBXGroup section */
		A45EE220295D6CF900399B6E = {
			isa = PBXGroup;
			children = (
				A45EE22B295D6CF900399B6E /* RockPaperScissors */,
				A45EE23D295D6CFD00399B6E /* RockPaperScissorsTests */,
				A45EE247295D6CFD00399B6E /* RockPaperScissorsUITests */,
				A45EE22A295D6CF900399B6E /* Products */,
			);
			sourceTree = "<group>";
		};
		A45EE22A295D6CF900399B6E /* Products */ = {
			isa = PBXGroup;
			children = (
				A45EE229295D6CF900399B6E /* RockPaperScissors.app */,
				A45EE23A295D6CFD00399B6E /* RockPaperScissorsTests.xctest */,
				A45EE244295D6CFD00399B6E /* RockPaperScissorsUITests.xctest */,
			);
			name = Products;
			sourceTree = "<group>";
		};
		A45EE22B295D6CF900399B6E /* RockPaperScissors */ = {
			isa = PBXGroup;
			children = (
				A45EE22C295D6CF900399B6E /* RockPaperScissorsApp.swift */,
				A45EE22E295D6CF900399B6E /* ContentView.swift */,
				A45EE25D295D707100399B6E /* Views */,
				A4BA40B32960086800912E41 /* Model */,
				A4BA40B62961537600912E41 /* Util */,
				A4C3673229694F1200E01A6B /* Localized.swift */,
				A4E9FDE829751E82007CA8DD /* DefaultKeys.swift */,
				A4C367362969522900E01A6B /* Localizable.strings */,
				A45EE230295D6CFC00399B6E /* Assets.xcassets */,
				A45EE232295D6CFC00399B6E /* RockPaperScissors.entitlements */,
				A45EE233295D6CFC00399B6E /* Preview Content */,
			);
			path = RockPaperScissors;
			sourceTree = "<group>";
		};
		A45EE233295D6CFC00399B6E /* Preview Content */ = {
			isa = PBXGroup;
			children = (
				A45EE234295D6CFC00399B6E /* Preview Assets.xcassets */,
			);
			path = "Preview Content";
			sourceTree = "<group>";
		};
		A45EE23D295D6CFD00399B6E /* RockPaperScissorsTests */ = {
			isa = PBXGroup;
			children = (
				A45EE23E295D6CFD00399B6E /* RockPaperScissorsTests.swift */,
			);
			path = RockPaperScissorsTests;
			sourceTree = "<group>";
		};
		A45EE247295D6CFD00399B6E /* RockPaperScissorsUITests */ = {
			isa = PBXGroup;
			children = (
				A45EE248295D6CFD00399B6E /* RockPaperScissorsUITests.swift */,
				A45EE24A295D6CFD00399B6E /* RockPaperScissorsUITestsLaunchTests.swift */,
			);
			path = RockPaperScissorsUITests;
			sourceTree = "<group>";
		};
		A45EE25D295D707100399B6E /* Views */ = {
			isa = PBXGroup;
			children = (
				A45EE266295EAE7900399B6E /* MainView.swift */,
				A4BA40B1296001F700912E41 /* OptionsPanel.swift */,
				A4E9FDE42973D608007CA8DD /* ResultBlock.swift */,
				A45EE268295EB25400399B6E /* RPSButton.swift */,
				A45EE25F295D70C300399B6E /* RPSTile.swift */,
			);
			path = Views;
			sourceTree = "<group>";
		};
		A4BA40B32960086800912E41 /* Model */ = {
			isa = PBXGroup;
			children = (
				A4E9FDE62973D850007CA8DD /* AppSizes.swift */,
				A4BA40B42960088100912E41 /* Options.swift */,
				A4C2A9B52967F76A00D1476C /* Gender.swift */,
				A46226872985A0EF00C6FC5A /* Store.swift */,
			);
			path = Model;
			sourceTree = "<group>";
		};
		A4BA40B62961537600912E41 /* Util */ = {
			isa = PBXGroup;
			children = (
				A4BA40B7296153A800912E41 /* getComputerDescription.swift */,
			);
			path = Util;
			sourceTree = "<group>";
		};
/* End PBXGroup section */

/* Begin PBXNativeTarget section */
		A45EE228295D6CF900399B6E /* RockPaperScissors */ = {
			isa = PBXNativeTarget;
			buildConfigurationList = A45EE24E295D6CFD00399B6E /* Build configuration list for PBXNativeTarget "RockPaperScissors" */;
			buildPhases = (
				A45EE225295D6CF900399B6E /* Sources */,
				A45EE226295D6CF900399B6E /* Frameworks */,
				A45EE227295D6CF900399B6E /* Resources */,
			);
			buildRules = (
			);
			dependencies = (
			);
			name = RockPaperScissors;
			packageProductDependencies = (
				A4E9FDE029729352007CA8DD /* RockPaperScissorsAPI */,
				A4E9FDE229729352007CA8DD /* RockPaperScissorsAppAPI */,
			);
			productName = rockpaperscissors;
			productReference = A45EE229295D6CF900399B6E /* RockPaperScissors.app */;
			productType = "com.apple.product-type.application";
		};
		A45EE239295D6CFD00399B6E /* RockPaperScissorsTests */ = {
			isa = PBXNativeTarget;
			buildConfigurationList = A45EE251295D6CFD00399B6E /* Build configuration list for PBXNativeTarget "RockPaperScissorsTests" */;
			buildPhases = (
				A45EE236295D6CFD00399B6E /* Sources */,
				A45EE237295D6CFD00399B6E /* Frameworks */,
				A45EE238295D6CFD00399B6E /* Resources */,
			);
			buildRules = (
			);
			dependencies = (
				A45EE23C295D6CFD00399B6E /* PBXTargetDependency */,
			);
			name = RockPaperScissorsTests;
			productName = rockpaperscissorsTests;
			productReference = A45EE23A295D6CFD00399B6E /* RockPaperScissorsTests.xctest */;
			productType = "com.apple.product-type.bundle.unit-test";
		};
		A45EE243295D6CFD00399B6E /* RockPaperScissorsUITests */ = {
			isa = PBXNativeTarget;
			buildConfigurationList = A45EE254295D6CFD00399B6E /* Build configuration list for PBXNativeTarget "RockPaperScissorsUITests" */;
			buildPhases = (
				A45EE240295D6CFD00399B6E /* Sources */,
				A45EE241295D6CFD00399B6E /* Frameworks */,
				A45EE242295D6CFD00399B6E /* Resources */,
			);
			buildRules = (
			);
			dependencies = (
				A45EE246295D6CFD00399B6E /* PBXTargetDependency */,
			);
			name = RockPaperScissorsUITests;
			productName = rockpaperscissorsUITests;
			productReference = A45EE244295D6CFD00399B6E /* RockPaperScissorsUITests.xctest */;
			productType = "com.apple.product-type.bundle.ui-testing";
		};
/* End PBXNativeTarget section */

/* Begin PBXProject section */
		A45EE221295D6CF900399B6E /* Project object */ = {
			isa = PBXProject;
			attributes = {
				BuildIndependentTargetsInParallel = 1;
				LastSwiftUpdateCheck = 1420;
				LastUpgradeCheck = 1420;
				TargetAttributes = {
					A45EE228295D6CF900399B6E = {
						CreatedOnToolsVersion = 14.2;
					};
					A45EE239295D6CFD00399B6E = {
						CreatedOnToolsVersion = 14.2;
						TestTargetID = A45EE228295D6CF900399B6E;
					};
					A45EE243295D6CFD00399B6E = {
						CreatedOnToolsVersion = 14.2;
						TestTargetID = A45EE228295D6CF900399B6E;
					};
				};
			};
			buildConfigurationList = A45EE224295D6CF900399B6E /* Build configuration list for PBXProject "RockPaperScissors" */;
			compatibilityVersion = "Xcode 14.0";
			developmentRegion = en;
			hasScannedForEncodings = 0;
			knownRegions = (
				en,
				es,
				vi,
				"pt-BR",
				Base,
			);
			mainGroup = A45EE220295D6CF900399B6E;
			packageReferences = (
				A4E9FDDF29729352007CA8DD /* XCRemoteSwiftPackageReference "rock-paper-scissors-api" */,
			);
			productRefGroup = A45EE22A295D6CF900399B6E /* Products */;
			projectDirPath = "";
			projectRoot = "";
			targets = (
				A45EE228295D6CF900399B6E /* RockPaperScissors */,
				A45EE239295D6CFD00399B6E /* RockPaperScissorsTests */,
				A45EE243295D6CFD00399B6E /* RockPaperScissorsUITests */,
			);
		};
/* End PBXProject section */

/* Begin PBXResourcesBuildPhase section */
		A45EE227295D6CF900399B6E /* Resources */ = {
			isa = PBXResourcesBuildPhase;
			buildActionMask = 2147483647;
			files = (
				A45EE235295D6CFC00399B6E /* Preview Assets.xcassets in Resources */,
				A4C367342969522900E01A6B /* Localizable.strings in Resources */,
				A45EE231295D6CFC00399B6E /* Assets.xcassets in Resources */,
			);
			runOnlyForDeploymentPostprocessing = 0;
		};
		A45EE238295D6CFD00399B6E /* Resources */ = {
			isa = PBXResourcesBuildPhase;
			buildActionMask = 2147483647;
			files = (
			);
			runOnlyForDeploymentPostprocessing = 0;
		};
		A45EE242295D6CFD00399B6E /* Resources */ = {
			isa = PBXResourcesBuildPhase;
			buildActionMask = 2147483647;
			files = (
			);
			runOnlyForDeploymentPostprocessing = 0;
		};
/* End PBXResourcesBuildPhase section */

/* Begin PBXSourcesBuildPhase section */
		A45EE225295D6CF900399B6E /* Sources */ = {
			isa = PBXSourcesBuildPhase;
			buildActionMask = 2147483647;
			files = (
				A45EE22F295D6CF900399B6E /* ContentView.swift in Sources */,
				A45EE267295EAE7900399B6E /* MainView.swift in Sources */,
				A4E9FDE52973D609007CA8DD /* ResultBlock.swift in Sources */,
				A45EE22D295D6CF900399B6E /* RockPaperScissorsApp.swift in Sources */,
				A45EE269295EB25400399B6E /* RPSButton.swift in Sources */,
				A4BA40B8296153A800912E41 /* getComputerDescription.swift in Sources */,
				A4C3673329694F1200E01A6B /* Localized.swift in Sources */,
				A46226882985A0EF00C6FC5A /* Store.swift in Sources */,
				A4BA40B52960088100912E41 /* Options.swift in Sources */,
				A4E9FDE72973D850007CA8DD /* AppSizes.swift in Sources */,
				A4E9FDE929751E83007CA8DD /* DefaultKeys.swift in Sources */,
				A4C2A9B62967F76A00D1476C /* Gender.swift in Sources */,
				A4BA40B2296001F700912E41 /* OptionsPanel.swift in Sources */,
				A45EE260295D70C300399B6E /* RPSTile.swift in Sources */,
			);
			runOnlyForDeploymentPostprocessing = 0;
		};
		A45EE236295D6CFD00399B6E /* Sources */ = {
			isa = PBXSourcesBuildPhase;
			buildActionMask = 2147483647;
			files = (
				A45EE23F295D6CFD00399B6E /* RockPaperScissorsTests.swift in Sources */,
			);
			runOnlyForDeploymentPostprocessing = 0;
		};
		A45EE240295D6CFD00399B6E /* Sources */ = {
			isa = PBXSourcesBuildPhase;
			buildActionMask = 2147483647;
			files = (
				A45EE249295D6CFD00399B6E /* RockPaperScissorsUITests.swift in Sources */,
				A45EE24B295D6CFD00399B6E /* RockPaperScissorsUITestsLaunchTests.swift in Sources */,
			);
			runOnlyForDeploymentPostprocessing = 0;
		};
/* End PBXSourcesBuildPhase section */

/* Begin PBXTargetDependency section */
		A45EE23C295D6CFD00399B6E /* PBXTargetDependency */ = {
			isa = PBXTargetDependency;
			target = A45EE228295D6CF900399B6E /* RockPaperScissors */;
			targetProxy = A45EE23B295D6CFD00399B6E /* PBXContainerItemProxy */;
		};
		A45EE246295D6CFD00399B6E /* PBXTargetDependency */ = {
			isa = PBXTargetDependency;
			target = A45EE228295D6CF900399B6E /* RockPaperScissors */;
			targetProxy = A45EE245295D6CFD00399B6E /* PBXContainerItemProxy */;
		};
/* End PBXTargetDependency section */

/* Begin PBXVariantGroup section */
		A4C367362969522900E01A6B /* Localizable.strings */ = {
			isa = PBXVariantGroup;
			children = (
				A4C367352969522900E01A6B /* en */,
				A4C367372969524E00E01A6B /* es */,
				A4C367382969525C00E01A6B /* vi */,
				A4C367392969526500E01A6B /* pt-BR */,
			);
			name = Localizable.strings;
			sourceTree = "<group>";
		};
/* End PBXVariantGroup section */

/* Begin XCBuildConfiguration section */
		A45EE24C295D6CFD00399B6E /* Debug */ = {
			isa = XCBuildConfiguration;
			buildSettings = {
				ALWAYS_SEARCH_USER_PATHS = NO;
				CLANG_ANALYZER_LOCALIZABILITY_NONLOCALIZED = YES;
				CLANG_ANALYZER_NONNULL = YES;
				CLANG_ANALYZER_NUMBER_OBJECT_CONVERSION = YES_AGGRESSIVE;
				CLANG_CXX_LANGUAGE_STANDARD = "gnu++20";
				CLANG_ENABLE_MODULES = YES;
				CLANG_ENABLE_OBJC_ARC = YES;
				CLANG_ENABLE_OBJC_WEAK = YES;
				CLANG_WARN_BLOCK_CAPTURE_AUTORELEASING = YES;
				CLANG_WARN_BOOL_CONVERSION = YES;
				CLANG_WARN_COMMA = YES;
				CLANG_WARN_CONSTANT_CONVERSION = YES;
				CLANG_WARN_DEPRECATED_OBJC_IMPLEMENTATIONS = YES;
				CLANG_WARN_DIRECT_OBJC_ISA_USAGE = YES_ERROR;
				CLANG_WARN_DOCUMENTATION_COMMENTS = YES;
				CLANG_WARN_EMPTY_BODY = YES;
				CLANG_WARN_ENUM_CONVERSION = YES;
				CLANG_WARN_INFINITE_RECURSION = YES;
				CLANG_WARN_INT_CONVERSION = YES;
				CLANG_WARN_NON_LITERAL_NULL_CONVERSION = YES;
				CLANG_WARN_OBJC_IMPLICIT_RETAIN_SELF = YES;
				CLANG_WARN_OBJC_LITERAL_CONVERSION = YES;
				CLANG_WARN_OBJC_ROOT_CLASS = YES_ERROR;
				CLANG_WARN_QUOTED_INCLUDE_IN_FRAMEWORK_HEADER = YES;
				CLANG_WARN_RANGE_LOOP_ANALYSIS = YES;
				CLANG_WARN_STRICT_PROTOTYPES = YES;
				CLANG_WARN_SUSPICIOUS_MOVE = YES;
				CLANG_WARN_UNGUARDED_AVAILABILITY = YES_AGGRESSIVE;
				CLANG_WARN_UNREACHABLE_CODE = YES;
				CLANG_WARN__DUPLICATE_METHOD_MATCH = YES;
				COPY_PHASE_STRIP = NO;
				DEBUG_INFORMATION_FORMAT = dwarf;
				ENABLE_STRICT_OBJC_MSGSEND = YES;
				ENABLE_TESTABILITY = YES;
				GCC_C_LANGUAGE_STANDARD = gnu11;
				GCC_DYNAMIC_NO_PIC = NO;
				GCC_NO_COMMON_BLOCKS = YES;
				GCC_OPTIMIZATION_LEVEL = 0;
				GCC_PREPROCESSOR_DEFINITIONS = (
					"DEBUG=1",
					"$(inherited)",
				);
				GCC_WARN_64_TO_32_BIT_CONVERSION = YES;
				GCC_WARN_ABOUT_RETURN_TYPE = YES_ERROR;
				GCC_WARN_UNDECLARED_SELECTOR = YES;
				GCC_WARN_UNINITIALIZED_AUTOS = YES_AGGRESSIVE;
				GCC_WARN_UNUSED_FUNCTION = YES;
				GCC_WARN_UNUSED_VARIABLE = YES;
				MTL_ENABLE_DEBUG_INFO = INCLUDE_SOURCE;
				MTL_FAST_MATH = YES;
				ONLY_ACTIVE_ARCH = YES;
				SWIFT_ACTIVE_COMPILATION_CONDITIONS = DEBUG;
				SWIFT_OPTIMIZATION_LEVEL = "-Onone";
			};
			name = Debug;
		};
		A45EE24D295D6CFD00399B6E /* Release */ = {
			isa = XCBuildConfiguration;
			buildSettings = {
				ALWAYS_SEARCH_USER_PATHS = NO;
				CLANG_ANALYZER_LOCALIZABILITY_NONLOCALIZED = YES;
				CLANG_ANALYZER_NONNULL = YES;
				CLANG_ANALYZER_NUMBER_OBJECT_CONVERSION = YES_AGGRESSIVE;
				CLANG_CXX_LANGUAGE_STANDARD = "gnu++20";
				CLANG_ENABLE_MODULES = YES;
				CLANG_ENABLE_OBJC_ARC = YES;
				CLANG_ENABLE_OBJC_WEAK = YES;
				CLANG_WARN_BLOCK_CAPTURE_AUTORELEASING = YES;
				CLANG_WARN_BOOL_CONVERSION = YES;
				CLANG_WARN_COMMA = YES;
				CLANG_WARN_CONSTANT_CONVERSION = YES;
				CLANG_WARN_DEPRECATED_OBJC_IMPLEMENTATIONS = YES;
				CLANG_WARN_DIRECT_OBJC_ISA_USAGE = YES_ERROR;
				CLANG_WARN_DOCUMENTATION_COMMENTS = YES;
				CLANG_WARN_EMPTY_BODY = YES;
				CLANG_WARN_ENUM_CONVERSION = YES;
				CLANG_WARN_INFINITE_RECURSION = YES;
				CLANG_WARN_INT_CONVERSION = YES;
				CLANG_WARN_NON_LITERAL_NULL_CONVERSION = YES;
				CLANG_WARN_OBJC_IMPLICIT_RETAIN_SELF = YES;
				CLANG_WARN_OBJC_LITERAL_CONVERSION = YES;
				CLANG_WARN_OBJC_ROOT_CLASS = YES_ERROR;
				CLANG_WARN_QUOTED_INCLUDE_IN_FRAMEWORK_HEADER = YES;
				CLANG_WARN_RANGE_LOOP_ANALYSIS = YES;
				CLANG_WARN_STRICT_PROTOTYPES = YES;
				CLANG_WARN_SUSPICIOUS_MOVE = YES;
				CLANG_WARN_UNGUARDED_AVAILABILITY = YES_AGGRESSIVE;
				CLANG_WARN_UNREACHABLE_CODE = YES;
				CLANG_WARN__DUPLICATE_METHOD_MATCH = YES;
				COPY_PHASE_STRIP = NO;
				DEBUG_INFORMATION_FORMAT = "dwarf-with-dsym";
				ENABLE_NS_ASSERTIONS = NO;
				ENABLE_STRICT_OBJC_MSGSEND = YES;
				GCC_C_LANGUAGE_STANDARD = gnu11;
				GCC_NO_COMMON_BLOCKS = YES;
				GCC_WARN_64_TO_32_BIT_CONVERSION = YES;
				GCC_WARN_ABOUT_RETURN_TYPE = YES_ERROR;
				GCC_WARN_UNDECLARED_SELECTOR = YES;
				GCC_WARN_UNINITIALIZED_AUTOS = YES_AGGRESSIVE;
				GCC_WARN_UNUSED_FUNCTION = YES;
				GCC_WARN_UNUSED_VARIABLE = YES;
				MTL_ENABLE_DEBUG_INFO = NO;
				MTL_FAST_MATH = YES;
				SWIFT_COMPILATION_MODE = wholemodule;
				SWIFT_OPTIMIZATION_LEVEL = "-O";
			};
			name = Release;
		};
		A45EE24F295D6CFD00399B6E /* Debug */ = {
			isa = XCBuildConfiguration;
			buildSettings = {
				ASSETCATALOG_COMPILER_APPICON_NAME = AppIcon;
				ASSETCATALOG_COMPILER_GLOBAL_ACCENT_COLOR_NAME = AccentColor;
				CODE_SIGN_ENTITLEMENTS = rockpaperscissors/rockpaperscissors.entitlements;
				CODE_SIGN_STYLE = Automatic;
				CURRENT_PROJECT_VERSION = 1;
				DEVELOPMENT_ASSET_PATHS = "\"RockPaperScissors/Preview Content\"";
				DEVELOPMENT_TEAM = C62HHAQ8W3;
				ENABLE_HARDENED_RUNTIME = YES;
				ENABLE_PREVIEWS = YES;
				GENERATE_INFOPLIST_FILE = YES;
				"INFOPLIST_KEY_UIApplicationSceneManifest_Generation[sdk=iphoneos*]" = YES;
				"INFOPLIST_KEY_UIApplicationSceneManifest_Generation[sdk=iphonesimulator*]" = YES;
				"INFOPLIST_KEY_UIApplicationSupportsIndirectInputEvents[sdk=iphoneos*]" = YES;
				"INFOPLIST_KEY_UIApplicationSupportsIndirectInputEvents[sdk=iphonesimulator*]" = YES;
				"INFOPLIST_KEY_UILaunchScreen_Generation[sdk=iphoneos*]" = YES;
				"INFOPLIST_KEY_UILaunchScreen_Generation[sdk=iphonesimulator*]" = YES;
				"INFOPLIST_KEY_UIStatusBarStyle[sdk=iphoneos*]" = UIStatusBarStyleDefault;
				"INFOPLIST_KEY_UIStatusBarStyle[sdk=iphonesimulator*]" = UIStatusBarStyleDefault;
				INFOPLIST_KEY_UISupportedInterfaceOrientations = UIInterfaceOrientationPortrait;
				INFOPLIST_KEY_UISupportedInterfaceOrientations_iPad = "UIInterfaceOrientationLandscapeLeft UIInterfaceOrientationLandscapeRight UIInterfaceOrientationPortrait UIInterfaceOrientationPortraitUpsideDown";
				IPHONEOS_DEPLOYMENT_TARGET = 16.1;
				LD_RUNPATH_SEARCH_PATHS = "@executable_path/Frameworks";
				"LD_RUNPATH_SEARCH_PATHS[sdk=macosx*]" = "@executable_path/../Frameworks";
				MACOSX_DEPLOYMENT_TARGET = 13.0;
				MARKETING_VERSION = 1.0;
				PRODUCT_BUNDLE_IDENTIFIER = com.iris.RockPaperScissors;
				PRODUCT_NAME = "$(TARGET_NAME)";
				SDKROOT = auto;
				SUPPORTED_PLATFORMS = "iphoneos iphonesimulator macosx";
				SWIFT_EMIT_LOC_STRINGS = YES;
				SWIFT_VERSION = 5.0;
				TARGETED_DEVICE_FAMILY = "1,2";
			};
			name = Debug;
		};
		A45EE250295D6CFD00399B6E /* Release */ = {
			isa = XCBuildConfiguration;
			buildSettings = {
				ASSETCATALOG_COMPILER_APPICON_NAME = AppIcon;
				ASSETCATALOG_COMPILER_GLOBAL_ACCENT_COLOR_NAME = AccentColor;
				CODE_SIGN_ENTITLEMENTS = rockpaperscissors/rockpaperscissors.entitlements;
				CODE_SIGN_STYLE = Automatic;
				CURRENT_PROJECT_VERSION = 1;
				DEVELOPMENT_ASSET_PATHS = "\"RockPaperScissors/Preview Content\"";
				DEVELOPMENT_TEAM = C62HHAQ8W3;
				ENABLE_HARDENED_RUNTIME = YES;
				ENABLE_PREVIEWS = YES;
				GENERATE_INFOPLIST_FILE = YES;
				"INFOPLIST_KEY_UIApplicationSceneManifest_Generation[sdk=iphoneos*]" = YES;
				"INFOPLIST_KEY_UIApplicationSceneManifest_Generation[sdk=iphonesimulator*]" = YES;
				"INFOPLIST_KEY_UIApplicationSupportsIndirectInputEvents[sdk=iphoneos*]" = YES;
				"INFOPLIST_KEY_UIApplicationSupportsIndirectInputEvents[sdk=iphonesimulator*]" = YES;
				"INFOPLIST_KEY_UILaunchScreen_Generation[sdk=iphoneos*]" = YES;
				"INFOPLIST_KEY_UILaunchScreen_Generation[sdk=iphonesimulator*]" = YES;
				"INFOPLIST_KEY_UIStatusBarStyle[sdk=iphoneos*]" = UIStatusBarStyleDefault;
				"INFOPLIST_KEY_UIStatusBarStyle[sdk=iphonesimulator*]" = UIStatusBarStyleDefault;
				INFOPLIST_KEY_UISupportedInterfaceOrientations = UIInterfaceOrientationPortrait;
				INFOPLIST_KEY_UISupportedInterfaceOrientations_iPad = "UIInterfaceOrientationLandscapeLeft UIInterfaceOrientationLandscapeRight UIInterfaceOrientationPortrait UIInterfaceOrientationPortraitUpsideDown";
				IPHONEOS_DEPLOYMENT_TARGET = 16.1;
				LD_RUNPATH_SEARCH_PATHS = "@executable_path/Frameworks";
				"LD_RUNPATH_SEARCH_PATHS[sdk=macosx*]" = "@executable_path/../Frameworks";
				MACOSX_DEPLOYMENT_TARGET = 13.0;
				MARKETING_VERSION = 1.0;
				PRODUCT_BUNDLE_IDENTIFIER = com.iris.RockPaperScissors;
				PRODUCT_NAME = "$(TARGET_NAME)";
				SDKROOT = auto;
				SUPPORTED_PLATFORMS = "iphoneos iphonesimulator macosx";
				SWIFT_EMIT_LOC_STRINGS = YES;
				SWIFT_VERSION = 5.0;
				TARGETED_DEVICE_FAMILY = "1,2";
			};
			name = Release;
		};
		A45EE252295D6CFD00399B6E /* Debug */ = {
			isa = XCBuildConfiguration;
			buildSettings = {
				ALWAYS_EMBED_SWIFT_STANDARD_LIBRARIES = YES;
				BUNDLE_LOADER = "$(TEST_HOST)";
				CODE_SIGN_STYLE = Automatic;
				CURRENT_PROJECT_VERSION = 1;
				DEVELOPMENT_TEAM = C62HHAQ8W3;
				GENERATE_INFOPLIST_FILE = YES;
				IPHONEOS_DEPLOYMENT_TARGET = 16.2;
				MACOSX_DEPLOYMENT_TARGET = 13.0;
				MARKETING_VERSION = 1.0;
				PRODUCT_BUNDLE_IDENTIFIER = com.iris.rockpaperscissorsTests;
				PRODUCT_NAME = "$(TARGET_NAME)";
				SDKROOT = auto;
				SUPPORTED_PLATFORMS = "iphoneos iphonesimulator macosx";
				SWIFT_EMIT_LOC_STRINGS = NO;
				SWIFT_VERSION = 5.0;
				TARGETED_DEVICE_FAMILY = "1,2";
				TEST_HOST = "$(BUILT_PRODUCTS_DIR)/RockPaperScissors.app/$(BUNDLE_EXECUTABLE_FOLDER_PATH)/RockPaperScissors";
			};
			name = Debug;
		};
		A45EE253295D6CFD00399B6E /* Release */ = {
			isa = XCBuildConfiguration;
			buildSettings = {
				ALWAYS_EMBED_SWIFT_STANDARD_LIBRARIES = YES;
				BUNDLE_LOADER = "$(TEST_HOST)";
				CODE_SIGN_STYLE = Automatic;
				CURRENT_PROJECT_VERSION = 1;
				DEVELOPMENT_TEAM = C62HHAQ8W3;
				GENERATE_INFOPLIST_FILE = YES;
				IPHONEOS_DEPLOYMENT_TARGET = 16.2;
				MACOSX_DEPLOYMENT_TARGET = 13.0;
				MARKETING_VERSION = 1.0;
				PRODUCT_BUNDLE_IDENTIFIER = com.iris.rockpaperscissorsTests;
				PRODUCT_NAME = "$(TARGET_NAME)";
				SDKROOT = auto;
				SUPPORTED_PLATFORMS = "iphoneos iphonesimulator macosx";
				SWIFT_EMIT_LOC_STRINGS = NO;
				SWIFT_VERSION = 5.0;
				TARGETED_DEVICE_FAMILY = "1,2";
				TEST_HOST = "$(BUILT_PRODUCTS_DIR)/RockPaperScissors.app/$(BUNDLE_EXECUTABLE_FOLDER_PATH)/RockPaperScissors";
			};
			name = Release;
		};
		A45EE255295D6CFD00399B6E /* Debug */ = {
			isa = XCBuildConfiguration;
			buildSettings = {
				ALWAYS_EMBED_SWIFT_STANDARD_LIBRARIES = YES;
				CODE_SIGN_STYLE = Automatic;
				CURRENT_PROJECT_VERSION = 1;
				DEVELOPMENT_TEAM = C62HHAQ8W3;
				GENERATE_INFOPLIST_FILE = YES;
				IPHONEOS_DEPLOYMENT_TARGET = 16.2;
				MACOSX_DEPLOYMENT_TARGET = 13.0;
				MARKETING_VERSION = 1.0;
				PRODUCT_BUNDLE_IDENTIFIER = com.iris.rockpaperscissorsUITests;
				PRODUCT_NAME = "$(TARGET_NAME)";
				SDKROOT = auto;
				SUPPORTED_PLATFORMS = "iphoneos iphonesimulator macosx";
				SWIFT_EMIT_LOC_STRINGS = NO;
				SWIFT_VERSION = 5.0;
				TARGETED_DEVICE_FAMILY = "1,2";
				TEST_TARGET_NAME = rockpaperscissors;
			};
			name = Debug;
		};
		A45EE256295D6CFD00399B6E /* Release */ = {
			isa = XCBuildConfiguration;
			buildSettings = {
				ALWAYS_EMBED_SWIFT_STANDARD_LIBRARIES = YES;
				CODE_SIGN_STYLE = Automatic;
				CURRENT_PROJECT_VERSION = 1;
				DEVELOPMENT_TEAM = C62HHAQ8W3;
				GENERATE_INFOPLIST_FILE = YES;
				IPHONEOS_DEPLOYMENT_TARGET = 16.2;
				MACOSX_DEPLOYMENT_TARGET = 13.0;
				MARKETING_VERSION = 1.0;
				PRODUCT_BUNDLE_IDENTIFIER = com.iris.rockpaperscissorsUITests;
				PRODUCT_NAME = "$(TARGET_NAME)";
				SDKROOT = auto;
				SUPPORTED_PLATFORMS = "iphoneos iphonesimulator macosx";
				SWIFT_EMIT_LOC_STRINGS = NO;
				SWIFT_VERSION = 5.0;
				TARGETED_DEVICE_FAMILY = "1,2";
				TEST_TARGET_NAME = rockpaperscissors;
			};
			name = Release;
		};
/* End XCBuildConfiguration section */

/* Begin XCConfigurationList section */
		A45EE224295D6CF900399B6E /* Build configuration list for PBXProject "RockPaperScissors" */ = {
			isa = XCConfigurationList;
			buildConfigurations = (
				A45EE24C295D6CFD00399B6E /* Debug */,
				A45EE24D295D6CFD00399B6E /* Release */,
			);
			defaultConfigurationIsVisible = 0;
			defaultConfigurationName = Release;
		};
		A45EE24E295D6CFD00399B6E /* Build configuration list for PBXNativeTarget "RockPaperScissors" */ = {
			isa = XCConfigurationList;
			buildConfigurations = (
				A45EE24F295D6CFD00399B6E /* Debug */,
				A45EE250295D6CFD00399B6E /* Release */,
			);
			defaultConfigurationIsVisible = 0;
			defaultConfigurationName = Release;
		};
		A45EE251295D6CFD00399B6E /* Build configuration list for PBXNativeTarget "RockPaperScissorsTests" */ = {
			isa = XCConfigurationList;
			buildConfigurations = (
				A45EE252295D6CFD00399B6E /* Debug */,
				A45EE253295D6CFD00399B6E /* Release */,
			);
			defaultConfigurationIsVisible = 0;
			defaultConfigurationName = Release;
		};
		A45EE254295D6CFD00399B6E /* Build configuration list for PBXNativeTarget "RockPaperScissorsUITests" */ = {
			isa = XCConfigurationList;
			buildConfigurations = (
				A45EE255295D6CFD00399B6E /* Debug */,
				A45EE256295D6CFD00399B6E /* Release */,
			);
			defaultConfigurationIsVisible = 0;
			defaultConfigurationName = Release;
		};
/* End XCConfigurationList section */

/* Begin XCRemoteSwiftPackageReference section */
		A4E9FDDF29729352007CA8DD /* XCRemoteSwiftPackageReference "rock-paper-scissors-api" */ = {
			isa = XCRemoteSwiftPackageReference;
			repositoryURL = "https://github.com/reuschj/rock-paper-scissors-api";
			requirement = {
				branch = main;
				kind = branch;
			};
		};
/* End XCRemoteSwiftPackageReference section */

/* Begin XCSwiftPackageProductDependency section */
		A4E9FDE029729352007CA8DD /* RockPaperScissorsAPI */ = {
			isa = XCSwiftPackageProductDependency;
			package = A4E9FDDF29729352007CA8DD /* XCRemoteSwiftPackageReference "rock-paper-scissors-api" */;
			productName = RockPaperScissorsAPI;
		};
		A4E9FDE229729352007CA8DD /* RockPaperScissorsAppAPI */ = {
			isa = XCSwiftPackageProductDependency;
			package = A4E9FDDF29729352007CA8DD /* XCRemoteSwiftPackageReference "rock-paper-scissors-api" */;
			productName = RockPaperScissorsAppAPI;
		};
/* End XCSwiftPackageProductDependency section */
	};
	rootObject = A45EE221295D6CF900399B6E /* Project object */;
}
