{
  "pins" : [
    {
      "identity" : "rock-paper-scissors-api",
      "kind" : "remoteSourceControl",
      "location" : "https://github.com/reuschj/rock-paper-scissors-api",
      "state" : {
        "branch" : "main",
        "revision" : "2aa00ca5574bdf8d078cd86837ef731f791b2464"
      }
    }
  ],
  "version" : 2
}
