{
  "pins" : [
    {
      "identity" : "rock-paper-scissors-api",
      "kind" : "remoteSourceControl",
      "location" : "https://github.com/reuschj/rock-paper-scissors-api",
      "state" : {
        "branch" : "main",
        "revision" : "f51605fe82a3120d9f1470dcf2defa7b0a8d8b0f"
      }
    }
  ],
  "version" : 2
}
